
Microsoft Visual Studio Solution File, Format Version 12.00
# Visual Studio Version 17
VisualStudioVersion = 17.9.34728.123
MinimumVisualStudioVersion = 10.0.40219.1
Project("{9A19103F-16F7-4668-BE54-9A1E7A4F7556}") = "Laboratorio_01", "Laboratorio_01\Laboratorio_01.csproj", "{273121E8-B766-43C4-B63C-F93D62336EAB}"
EndProject
Project("{9A19103F-16F7-4668-BE54-9A1E7A4F7556}") = "Laboratorio_02", "Laboratorio_02\Laboratorio_02.csproj", "{D63CADC5-A0F4-4BE4-A4E0-38D849C7FD00}"
EndProject
Project("{9A19103F-16F7-4668-BE54-9A1E7A4F7556}") = "Laboratorio_5_7", "Laboratorio_5_7\Laboratorio_5_7.csproj", "{44250645-E701-47DF-9BA4-700A6AAA3D97}"
EndProject
Project("{FAE04EC0-301F-11D3-BF4B-00C04F79EFBC}") = "Laboratorio_7_Formulario", "Laboratorio_7_Formulario\Laboratorio_7_Formulario.csproj", "{270D33EC-384B-4CF3-B450-96487F8B1AE3}"
EndProject
Global
	GlobalSection(SolutionConfigurationPlatforms) = preSolution
		Debug|Any CPU = Debug|Any CPU
		Release|Any CPU = Release|Any CPU
	EndGlobalSection
	GlobalSection(ProjectConfigurationPlatforms) = postSolution
		{273121E8-B766-43C4-B63C-F93D62336EAB}.Debug|Any CPU.ActiveCfg = Debug|Any CPU
		{273121E8-B766-43C4-B63C-F93D62336EAB}.Debug|Any CPU.Build.0 = Debug|Any CPU
		{273121E8-B766-43C4-B63C-F93D62336EAB}.Release|Any CPU.ActiveCfg = Release|Any CPU
		{273121E8-B766-43C4-B63C-F93D62336EAB}.Release|Any CPU.Build.0 = Release|Any CPU
		{D63CADC5-A0F4-4BE4-A4E0-38D849C7FD00}.Debug|Any CPU.ActiveCfg = Debug|Any CPU
		{D63CADC5-A0F4-4BE4-A4E0-38D849C7FD00}.Debug|Any CPU.Build.0 = Debug|Any CPU
		{D63CADC5-A0F4-4BE4-A4E0-38D849C7FD00}.Release|Any CPU.ActiveCfg = Release|Any CPU
		{D63CADC5-A0F4-4BE4-A4E0-38D849C7FD00}.Release|Any CPU.Build.0 = Release|Any CPU
		{44250645-E701-47DF-9BA4-700A6AAA3D97}.Debug|Any CPU.ActiveCfg = Debug|Any CPU
		{44250645-E701-47DF-9BA4-700A6AAA3D97}.Debug|Any CPU.Build.0 = Debug|Any CPU
		{44250645-E701-47DF-9BA4-700A6AAA3D97}.Release|Any CPU.ActiveCfg = Release|Any CPU
		{44250645-E701-47DF-9BA4-700A6AAA3D97}.Release|Any CPU.Build.0 = Release|Any CPU
		{270D33EC-384B-4CF3-B450-96487F8B1AE3}.Debug|Any CPU.ActiveCfg = Debug|Any CPU
		{270D33EC-384B-4CF3-B450-96487F8B1AE3}.Debug|Any CPU.Build.0 = Debug|Any CPU
		{270D33EC-384B-4CF3-B450-96487F8B1AE3}.Release|Any CPU.ActiveCfg = Release|Any CPU
		{270D33EC-384B-4CF3-B450-96487F8B1AE3}.Release|Any CPU.Build.0 = Release|Any CPU
	EndGlobalSection
	GlobalSection(SolutionProperties) = preSolution
		HideSolutionNode = FALSE
	EndGlobalSection
	GlobalSection(ExtensibilityGlobals) = postSolution
		SolutionGuid = {9C76EEEF-4209-435D-A310-AE93234C6705}
	EndGlobalSection
EndGlobal
